PODS:
  - Flutter (1.0.0)
  - flutter_geofence (0.1.1):
    - Flutter
  - flutter_local_notifications (0.0.1):
    - Flutter

DEPENDENCIES:
  - Flutter (from `Flutter`)
  - flutter_geofence (from `.symlinks/plugins/flutter_geofence/ios`)
  - flutter_local_notifications (from `.symlinks/plugins/flutter_local_notifications/ios`)

EXTERNAL SOURCES:
  Flutter:
    :path: Flutter
  flutter_geofence:
    :path: ".symlinks/plugins/flutter_geofence/ios"
  flutter_local_notifications:
    :path: ".symlinks/plugins/flutter_local_notifications/ios"

SPEC CHECKSUMS:
  Flutter: 0e3d915762c693b495b44d77113d4970485de6ec
  flutter_geofence: 08e5427c56c540ffac97425b8e10dd598912fb3d
  flutter_local_notifications: 0c0b1ae97e741e1521e4c1629a459d04b9aec743

PODFILE CHECKSUM: aafe91acc616949ddb318b77800a7f51bffa2a4c

COCOAPODS: 1.10.0
